// !$*UTF8*$!
{
	archiveVersion = 1;
	classes = {
	};
	objectVersion = 46;
	objects = {

/* Begin PBXBuildFile section */
		CEC2F252175C304300E95B8C /* main.cpp in Sources */ = {isa = PBXBuildFile; fileRef = CEC2F251175C304300E95B8C /* main.cpp */; };
		CEC2F254175C304300E95B8C /* DataStructure.1 in CopyFiles */ = {isa = PBXBuildFile; fileRef = CEC2F253175C304300E95B8C /* DataStructure.1 */; };
		CEC2F25D175CCDA600E95B8C /* SkipList.cpp in Sources */ = {isa = PBXBuildFile; fileRef = CEC2F25B175CCDA600E95B8C /* SkipList.cpp */; };
/* End PBXBuildFile section */

/* Begin PBXCopyFilesBuildPhase section */
		CEC2F24C175C304300E95B8C /* CopyFiles */ = {
			isa = PBXCopyFilesBuildPhase;
			buildActionMask = 2147483647;
			dstPath = /usr/share/man/man1/;
			dstSubfolderSpec = 0;
			files = (
				CEC2F254175C304300E95B8C /* DataStructure.1 in CopyFiles */,
			);
			runOnlyForDeploymentPostprocessing = 1;
		};
/* End PBXCopyFilesBuildPhase section */

/* Begin PBXFileReference section */
		CEC2F24E175C304300E95B8C /* DataStructure */ = {isa = PBXFileReference; explicitFileType = "compiled.mach-o.executable"; includeInIndex = 0; path = DataStructure; sourceTree = BUILT_PRODUCTS_DIR; };
		CEC2F251175C304300E95B8C /* main.cpp */ = {isa = PBXFileReference; lastKnownFileType = sourcecode.cpp.cpp; path = main.cpp; sourceTree = "<group>"; };
		CEC2F253175C304300E95B8C /* DataStructure.1 */ = {isa = PBXFileReference; lastKnownFileType = text.man; path = DataStructure.1; sourceTree = "<group>"; };
		CEC2F25A175C796300E95B8C /* random.h */ = {isa = PBXFileReference; fileEncoding = 4; lastKnownFileType = sourcecode.c.h; path = random.h; sourceTree = "<group>"; };
		CEC2F25B175CCDA600E95B8C /* SkipList.cpp */ = {isa = PBXFileReference; fileEncoding = 4; lastKnownFileType = sourcecode.cpp.cpp; path = SkipList.cpp; sourceTree = "<group>"; };
		CEC2F25C175CCDA600E95B8C /* SkipList.h */ = {isa = PBXFileReference; fileEncoding = 4; lastKnownFileType = sourcecode.c.h; path = SkipList.h; sourceTree = "<group>"; };
/* End PBXFileReference section */

/* Begin PBXFrameworksBuildPhase section */
		CEC2F24B175C304300E95B8C /* Frameworks */ = {
			isa = PBXFrameworksBuildPhase;
			buildActionMask = 2147483647;
			files = (
			);
			runOnlyForDeploymentPostprocessing = 0;
		};
/* End PBXFrameworksBuildPhase section */

/* Begin PBXGroup section */
		CEC2F245175C304300E95B8C = {
			isa = PBXGroup;
			children = (
				CEC2F250175C304300E95B8C /* DataStructure */,
				CEC2F24F175C304300E95B8C /* Products */,
			);
			sourceTree = "<group>";
		};
		CEC2F24F175C304300E95B8C /* Products */ = {
			isa = PBXGroup;
			children = (
				CEC2F24E175C304300E95B8C /* DataStructure */,
			);
			name = Products;
			sourceTree = "<group>";
		};
		CEC2F250175C304300E95B8C /* DataStructure */ = {
			isa = PBXGroup;
			children = (
				CEC2F251175C304300E95B8C /* main.cpp */,
				CEC2F253175C304300E95B8C /* DataStructure.1 */,
				CEC2F25A175C796300E95B8C /* random.h */,
				CEC2F25B175CCDA600E95B8C /* SkipList.cpp */,
				CEC2F25C175CCDA600E95B8C /* SkipList.h */,
			);
			path = DataStructure;
			sourceTree = "<group>";
		};
/* End PBXGroup section */

/* Begin PBXNativeTarget section */
		CEC2F24D175C304300E95B8C /* DataStructure */ = {
			isa = PBXNativeTarget;
			buildConfigurationList = CEC2F257175C304300E95B8C /* Build configuration list for PBXNativeTarget "DataStructure" */;
			buildPhases = (
				CEC2F24A175C304300E95B8C /* Sources */,
				CEC2F24B175C304300E95B8C /* Frameworks */,
				CEC2F24C175C304300E95B8C /* CopyFiles */,
			);
			buildRules = (
			);
			dependencies = (
			);
			name = DataStructure;
			productName = DataStructure;
			productReference = CEC2F24E175C304300E95B8C /* DataStructure */;
			productType = "com.apple.product-type.tool";
		};
/* End PBXNativeTarget section */

/* Begin PBXProject section */
		CEC2F246175C304300E95B8C /* Project object */ = {
			isa = PBXProject;
			attributes = {
				LastUpgradeCheck = 0460;
				ORGANIZATIONNAME = user;
			};
			buildConfigurationList = CEC2F249175C304300E95B8C /* Build configuration list for PBXProject "DataStructure" */;
			compatibilityVersion = "Xcode 3.2";
			developmentRegion = English;
			hasScannedForEncodings = 0;
			knownRegions = (
				en,
			);
			mainGroup = CEC2F245175C304300E95B8C;
			productRefGroup = CEC2F24F175C304300E95B8C /* Products */;
			projectDirPath = "";
			projectRoot = "";
			targets = (
				CEC2F24D175C304300E95B8C /* DataStructure */,
			);
		};
/* End PBXProject section */

/* Begin PBXSourcesBuildPhase section */
		CEC2F24A175C304300E95B8C /* Sources */ = {
			isa = PBXSourcesBuildPhase;
			buildActionMask = 2147483647;
			files = (
				CEC2F252175C304300E95B8C /* main.cpp in Sources */,
				CEC2F25D175CCDA600E95B8C /* SkipList.cpp in Sources */,
			);
			runOnlyForDeploymentPostprocessing = 0;
		};
/* End PBXSourcesBuildPhase section */

/* Begin XCBuildConfiguration section */
		CEC2F255175C304300E95B8C /* Debug */ = {
			isa = XCBuildConfiguration;
			buildSettings = {
				ALWAYS_SEARCH_USER_PATHS = NO;
				ARCHS = "$(ARCHS_STANDARD_64_BIT)";
				CLANG_CXX_LANGUAGE_STANDARD = "gnu++0x";
				CLANG_CXX_LIBRARY = "libc++";
				CLANG_WARN_CONSTANT_CONVERSION = YES;
				CLANG_WARN_EMPTY_BODY = YES;
				CLANG_WARN_ENUM_CONVERSION = YES;
				CLANG_WARN_INT_CONVERSION = YES;
				CLANG_WARN__DUPLICATE_METHOD_MATCH = YES;
				COPY_PHASE_STRIP = NO;
				GCC_C_LANGUAGE_STANDARD = gnu99;
				GCC_DYNAMIC_NO_PIC = NO;
				GCC_ENABLE_OBJC_EXCEPTIONS = YES;
				GCC_OPTIMIZATION_LEVEL = 0;
				GCC_PREPROCESSOR_DEFINITIONS = (
					"DEBUG=1",
					"$(inherited)",
				);
				GCC_SYMBOLS_PRIVATE_EXTERN = NO;
				GCC_WARN_64_TO_32_BIT_CONVERSION = YES;
				GCC_WARN_ABOUT_RETURN_TYPE = YES;
				GCC_WARN_UNINITIALIZED_AUTOS = YES;
				GCC_WARN_UNUSED_VARIABLE = YES;
				MACOSX_DEPLOYMENT_TARGET = 10.8;
				ONLY_ACTIVE_ARCH = YES;
				SDKROOT = macosx;
			};
			name = Debug;
		};
		CEC2F256175C304300E95B8C /* Release */ = {
			isa = XCBuildConfiguration;
			buildSettings = {
				ALWAYS_SEARCH_USER_PATHS = NO;
				ARCHS = "$(ARCHS_STANDARD_64_BIT)";
				CLANG_CXX_LANGUAGE_STANDARD = "gnu++0x";
				CLANG_CXX_LIBRARY = "libc++";
				CLANG_WARN_CONSTANT_CONVERSION = YES;
				CLANG_WARN_EMPTY_BODY = YES;
				CLANG_WARN_ENUM_CONVERSION = YES;
				CLANG_WARN_INT_CONVERSION = YES;
				CLANG_WARN__DUPLICATE_METHOD_MATCH = YES;
				COPY_PHASE_STRIP = YES;
				DEBUG_INFORMATION_FORMAT = "dwarf-with-dsym";
				GCC_C_LANGUAGE_STANDARD = gnu99;
				GCC_ENABLE_OBJC_EXCEPTIONS = YES;
				GCC_WARN_64_TO_32_BIT_CONVERSION = YES;
				GCC_WARN_ABOUT_RETURN_TYPE = YES;
				GCC_WARN_UNINITIALIZED_AUTOS = YES;
				GCC_WARN_UNUSED_VARIABLE = YES;
				MACOSX_DEPLOYMENT_TARGET = 10.8;
				SDKROOT = macosx;
			};
			name = Release;
		};
		CEC2F258175C304300E95B8C /* Debug */ = {
			isa = XCBuildConfiguration;
			buildSettings = {
				GCC_VERSION = com.apple.compilers.llvm.clang.1_0;
				PRODUCT_NAME = "$(TARGET_NAME)";
			};
			name = Debug;
		};
		CEC2F259175C304300E95B8C /* Release */ = {
			isa = XCBuildConfiguration;
			buildSettings = {
				GCC_VERSION = com.apple.compilers.llvm.clang.1_0;
				PRODUCT_NAME = "$(TARGET_NAME)";
			};
			name = Release;
		};
/* End XCBuildConfiguration section */

/* Begin XCConfigurationList section */
		CEC2F249175C304300E95B8C /* Build configuration list for PBXProject "DataStructure" */ = {
			isa = XCConfigurationList;
			buildConfigurations = (
				CEC2F255175C304300E95B8C /* Debug */,
				CEC2F256175C304300E95B8C /* Release */,
			);
			defaultConfigurationIsVisible = 0;
			defaultConfigurationName = Release;
		};
		CEC2F257175C304300E95B8C /* Build configuration list for PBXNativeTarget "DataStructure" */ = {
			isa = XCConfigurationList;
			buildConfigurations = (
				CEC2F258175C304300E95B8C /* Debug */,
				CEC2F259175C304300E95B8C /* Release */,
			);
			defaultConfigurationIsVisible = 0;
		};
/* End XCConfigurationList section */
	};
	rootObject = CEC2F246175C304300E95B8C /* Project object */;
}
